{
  "name": "@taotao-cloud/taotao-cloud-vue3-front",
  "version": "1.0.0",
  "lockfileVersion": 3,
  "requires": true,
  "packages": {
    "": {
      "name": "@taotao-cloud/taotao-cloud-vue3-front",
      "version": "1.0.0",
      "dependencies": {
        "@taotao-cloud/taotao-cloud-vue3-front": "file:"
      },
      "devDependencies": {}
    },
    "node_modules/@taotao-cloud/taotao-cloud-vue3-front": {
      "resolved": "",
      "link": true
    }
  }
}
