{
  "name": "@taotaocloud/taotao-cloud-workflow-app",
  "version": "1.0.0",
  "lockfileVersion": 3,
  "requires": true,
  "packages": {
    "": {
      "name": "@taotaocloud/taotao-cloud-workflow-app",
      "version": "1.0.0",
      "license": "ISC",
      "dependencies": {
        "@taotaocloud/taotao-cloud-workflow-app": "file:"
      }
    },
    "node_modules/@taotaocloud/taotao-cloud-workflow-app": {
      "resolved": "",
      "link": true
    }
  }
}
